// !$*UTF8*$!
{
	archiveVersion = 1;
	classes = {
	};
	objectVersion = 50;
	objects = {

/* Begin PBXBuildFile section */
		025CE31E23851BC9009D43E7 /* AppDelegate.swift in Sources */ = {isa = PBXBuildFile; fileRef = 025CE31D23851BC9009D43E7 /* AppDelegate.swift */; };
		025CE32023851BC9009D43E7 /* SceneDelegate.swift in Sources */ = {isa = PBXBuildFile; fileRef = 025CE31F23851BC9009D43E7 /* SceneDelegate.swift */; };
		025CE32223851BC9009D43E7 /* ContentView.swift in Sources */ = {isa = PBXBuildFile; fileRef = 025CE32123851BC9009D43E7 /* ContentView.swift */; };
		025CE32423851BCA009D43E7 /* Assets.xcassets in Resources */ = {isa = PBXBuildFile; fileRef = 025CE32323851BCA009D43E7 /* Assets.xcassets */; };
		025CE32723851BCA009D43E7 /* Preview Assets.xcassets in Resources */ = {isa = PBXBuildFile; fileRef = 025CE32623851BCA009D43E7 /* Preview Assets.xcassets */; };
		025CE32A23851BCA009D43E7 /* LaunchScreen.storyboard in Resources */ = {isa = PBXBuildFile; fileRef = 025CE32823851BCA009D43E7 /* LaunchScreen.storyboard */; };
		025CE33223852158009D43E7 /* IssueRowView.swift in Sources */ = {isa = PBXBuildFile; fileRef = 025CE33123852158009D43E7 /* IssueRowView.swift */; };
		025CE33423852A35009D43E7 /* ContentView2.swift in Sources */ = {isa = PBXBuildFile; fileRef = 025CE33323852A35009D43E7 /* ContentView2.swift */; };
		025CE33623852D51009D43E7 /* Issue.swift in Sources */ = {isa = PBXBuildFile; fileRef = 025CE33523852D51009D43E7 /* Issue.swift */; };
/* End PBXBuildFile section */

/* Begin PBXFileReference section */
		025CE31A23851BC9009D43E7 /* SwiftUICustomListRowSample.app */ = {isa = PBXFileReference; explicitFileType = wrapper.application; includeInIndex = 0; path = SwiftUICustomListRowSample.app; sourceTree = BUILT_PRODUCTS_DIR; };
		025CE31D23851BC9009D43E7 /* AppDelegate.swift */ = {isa = PBXFileReference; lastKnownFileType = sourcecode.swift; path = AppDelegate.swift; sourceTree = "<group>"; };
		025CE31F23851BC9009D43E7 /* SceneDelegate.swift */ = {isa = PBXFileReference; lastKnownFileType = sourcecode.swift; path = SceneDelegate.swift; sourceTree = "<group>"; };
		025CE32123851BC9009D43E7 /* ContentView.swift */ = {isa = PBXFileReference; lastKnownFileType = sourcecode.swift; path = ContentView.swift; sourceTree = "<group>"; };
		025CE32323851BCA009D43E7 /* Assets.xcassets */ = {isa = PBXFileReference; lastKnownFileType = folder.assetcatalog; path = Assets.xcassets; sourceTree = "<group>"; };
		025CE32623851BCA009D43E7 /* Preview Assets.xcassets */ = {isa = PBXFileReference; lastKnownFileType = folder.assetcatalog; path = "Preview Assets.xcassets"; sourceTree = "<group>"; };
		025CE32923851BCA009D43E7 /* Base */ = {isa = PBXFileReference; lastKnownFileType = file.storyboard; name = Base; path = Base.lproj/LaunchScreen.storyboard; sourceTree = "<group>"; };
		025CE32B23851BCA009D43E7 /* Info.plist */ = {isa = PBXFileReference; lastKnownFileType = text.plist.xml; path = Info.plist; sourceTree = "<group>"; };
		025CE33123852158009D43E7 /* IssueRowView.swift */ = {isa = PBXFileReference; fileEncoding = 4; lastKnownFileType = sourcecode.swift; path = IssueRowView.swift; sourceTree = "<group>"; };
		025CE33323852A35009D43E7 /* ContentView2.swift */ = {isa = PBXFileReference; fileEncoding = 4; lastKnownFileType = sourcecode.swift; path = ContentView2.swift; sourceTree = "<group>"; };
		025CE33523852D51009D43E7 /* Issue.swift */ = {isa = PBXFileReference; lastKnownFileType = sourcecode.swift; path = Issue.swift; sourceTree = "<group>"; };
/* End PBXFileReference section */

/* Begin PBXFrameworksBuildPhase section */
		025CE31723851BC9009D43E7 /* Frameworks */ = {
			isa = PBXFrameworksBuildPhase;
			buildActionMask = 2147483647;
			files = (
			);
			runOnlyForDeploymentPostprocessing = 0;
		};
/* End PBXFrameworksBuildPhase section */

/* Begin PBXGroup section */
		025CE31123851BC9009D43E7 = {
			isa = PBXGroup;
			children = (
				025CE31C23851BC9009D43E7 /* SwiftUICustomListRowSample */,
				025CE31B23851BC9009D43E7 /* Products */,
			);
			sourceTree = "<group>";
		};
		025CE31B23851BC9009D43E7 /* Products */ = {
			isa = PBXGroup;
			children = (
				025CE31A23851BC9009D43E7 /* SwiftUICustomListRowSample.app */,
			);
			name = Products;
			sourceTree = "<group>";
		};
		025CE31C23851BC9009D43E7 /* SwiftUICustomListRowSample */ = {
			isa = PBXGroup;
			children = (
				025CE31D23851BC9009D43E7 /* AppDelegate.swift */,
				025CE31F23851BC9009D43E7 /* SceneDelegate.swift */,
				025CE32123851BC9009D43E7 /* ContentView.swift */,
				025CE33323852A35009D43E7 /* ContentView2.swift */,
				025CE33523852D51009D43E7 /* Issue.swift */,
				025CE33123852158009D43E7 /* IssueRowView.swift */,
				025CE32323851BCA009D43E7 /* Assets.xcassets */,
				025CE32823851BCA009D43E7 /* LaunchScreen.storyboard */,
				025CE32B23851BCA009D43E7 /* Info.plist */,
				025CE32523851BCA009D43E7 /* Preview Content */,
			);
			path = SwiftUICustomListRowSample;
			sourceTree = "<group>";
		};
		025CE32523851BCA009D43E7 /* Preview Content */ = {
			isa = PBXGroup;
			children = (
				025CE32623851BCA009D43E7 /* Preview Assets.xcassets */,
			);
			path = "Preview Content";
			sourceTree = "<group>";
		};
/* End PBXGroup section */

/* Begin PBXNativeTarget section */
		025CE31923851BC9009D43E7 /* SwiftUICustomListRowSample */ = {
			isa = PBXNativeTarget;
			buildConfigurationList = 025CE32E23851BCA009D43E7 /* Build configuration list for PBXNativeTarget "SwiftUICustomListRowSample" */;
			buildPhases = (
				025CE31623851BC9009D43E7 /* Sources */,
				025CE31723851BC9009D43E7 /* Frameworks */,
				025CE31823851BC9009D43E7 /* Resources */,
			);
			buildRules = (
			);
			dependencies = (
			);
			name = SwiftUICustomListRowSample;
			productName = SwiftUICustomListRowSample;
			productReference = 025CE31A23851BC9009D43E7 /* SwiftUICustomListRowSample.app */;
			productType = "com.apple.product-type.application";
		};
/* End PBXNativeTarget section */

/* Begin PBXProject section */
		025CE31223851BC9009D43E7 /* Project object */ = {
			isa = PBXProject;
			attributes = {
				LastSwiftUpdateCheck = 1120;
				LastUpgradeCheck = 1120;
				ORGANIZATIONNAME = "Daisuke TONOSAKI";
				TargetAttributes = {
					025CE31923851BC9009D43E7 = {
						CreatedOnToolsVersion = 11.2.1;
					};
				};
			};
			buildConfigurationList = 025CE31523851BC9009D43E7 /* Build configuration list for PBXProject "SwiftUICustomListRowSample" */;
			compatibilityVersion = "Xcode 9.3";
			developmentRegion = en;
			hasScannedForEncodings = 0;
			knownRegions = (
				en,
				Base,
			);
			mainGroup = 025CE31123851BC9009D43E7;
			productRefGroup = 025CE31B23851BC9009D43E7 /* Products */;
			projectDirPath = "";
			projectRoot = "";
			targets = (
				025CE31923851BC9009D43E7 /* SwiftUICustomListRowSample */,
			);
		};
/* End PBXProject section */

/* Begin PBXResourcesBuildPhase section */
		025CE31823851BC9009D43E7 /* Resources */ = {
			isa = PBXResourcesBuildPhase;
			buildActionMask = 2147483647;
			files = (
				025CE32A23851BCA009D43E7 /* LaunchScreen.storyboard in Resources */,
				025CE32723851BCA009D43E7 /* Preview Assets.xcassets in Resources */,
				025CE32423851BCA009D43E7 /* Assets.xcassets in Resources */,
			);
			runOnlyForDeploymentPostprocessing = 0;
		};
/* End PBXResourcesBuildPhase section */

/* Begin PBXSourcesBuildPhase section */
		025CE31623851BC9009D43E7 /* Sources */ = {
			isa = PBXSourcesBuildPhase;
			buildActionMask = 2147483647;
			files = (
				025CE31E23851BC9009D43E7 /* AppDelegate.swift in Sources */,
				025CE32023851BC9009D43E7 /* SceneDelegate.swift in Sources */,
				025CE32223851BC9009D43E7 /* ContentView.swift in Sources */,
				025CE33423852A35009D43E7 /* ContentView2.swift in Sources */,
				025CE33223852158009D43E7 /* IssueRowView.swift in Sources */,
				025CE33623852D51009D43E7 /* Issue.swift in Sources */,
			);
			runOnlyForDeploymentPostprocessing = 0;
		};
/* End PBXSourcesBuildPhase section */

/* Begin PBXVariantGroup section */
		025CE32823851BCA009D43E7 /* LaunchScreen.storyboard */ = {
			isa = PBXVariantGroup;
			children = (
				025CE32923851BCA009D43E7 /* Base */,
			);
			name = LaunchScreen.storyboard;
			sourceTree = "<group>";
		};
/* End PBXVariantGroup section */

/* Begin XCBuildConfiguration section */
		025CE32C23851BCA009D43E7 /* Debug */ = {
			isa = XCBuildConfiguration;
			buildSettings = {
				ALWAYS_SEARCH_USER_PATHS = NO;
				CLANG_ANALYZER_NONNULL = YES;
				CLANG_ANALYZER_NUMBER_OBJECT_CONVERSION = YES_AGGRESSIVE;
				CLANG_CXX_LANGUAGE_STANDARD = "gnu++14";
				CLANG_CXX_LIBRARY = "libc++";
				CLANG_ENABLE_MODULES = YES;
				CLANG_ENABLE_OBJC_ARC = YES;
				CLANG_ENABLE_OBJC_WEAK = YES;
				CLANG_WARN_BLOCK_CAPTURE_AUTORELEASING = YES;
				CLANG_WARN_BOOL_CONVERSION = YES;
				CLANG_WARN_COMMA = YES;
				CLANG_WARN_CONSTANT_CONVERSION = YES;
				CLANG_WARN_DEPRECATED_OBJC_IMPLEMENTATIONS = YES;
				CLANG_WARN_DIRECT_OBJC_ISA_USAGE = YES_ERROR;
				CLANG_WARN_DOCUMENTATION_COMMENTS = YES;
				CLANG_WARN_EMPTY_BODY = YES;
				CLANG_WARN_ENUM_CONVERSION = YES;
				CLANG_WARN_INFINITE_RECURSION = YES;
				CLANG_WARN_INT_CONVERSION = YES;
				CLANG_WARN_NON_LITERAL_NULL_CONVERSION = YES;
				CLANG_WARN_OBJC_IMPLICIT_RETAIN_SELF = YES;
				CLANG_WARN_OBJC_LITERAL_CONVERSION = YES;
				CLANG_WARN_OBJC_ROOT_CLASS = YES_ERROR;
				CLANG_WARN_RANGE_LOOP_ANALYSIS = YES;
				CLANG_WARN_STRICT_PROTOTYPES = YES;
				CLANG_WARN_SUSPICIOUS_MOVE = YES;
				CLANG_WARN_UNGUARDED_AVAILABILITY = YES_AGGRESSIVE;
				CLANG_WARN_UNREACHABLE_CODE = YES;
				CLANG_WARN__DUPLICATE_METHOD_MATCH = YES;
				COPY_PHASE_STRIP = NO;
				DEBUG_INFORMATION_FORMAT = dwarf;
				ENABLE_STRICT_OBJC_MSGSEND = YES;
				ENABLE_TESTABILITY = YES;
				GCC_C_LANGUAGE_STANDARD = gnu11;
				GCC_DYNAMIC_NO_PIC = NO;
				GCC_NO_COMMON_BLOCKS = YES;
				GCC_OPTIMIZATION_LEVEL = 0;
				GCC_PREPROCESSOR_DEFINITIONS = (
					"DEBUG=1",
					"$(inherited)",
				);
				GCC_WARN_64_TO_32_BIT_CONVERSION = YES;
				GCC_WARN_ABOUT_RETURN_TYPE = YES_ERROR;
				GCC_WARN_UNDECLARED_SELECTOR = YES;
				GCC_WARN_UNINITIALIZED_AUTOS = YES_AGGRESSIVE;
				GCC_WARN_UNUSED_FUNCTION = YES;
				GCC_WARN_UNUSED_VARIABLE = YES;
				IPHONEOS_DEPLOYMENT_TARGET = 13.2;
				MTL_ENABLE_DEBUG_INFO = INCLUDE_SOURCE;
				MTL_FAST_MATH = YES;
				ONLY_ACTIVE_ARCH = YES;
				SDKROOT = iphoneos;
				SWIFT_ACTIVE_COMPILATION_CONDITIONS = DEBUG;
				SWIFT_OPTIMIZATION_LEVEL = "-Onone";
			};
			name = Debug;
		};
		025CE32D23851BCA009D43E7 /* Release */ = {
			isa = XCBuildConfiguration;
			buildSettings = {
				ALWAYS_SEARCH_USER_PATHS = NO;
				CLANG_ANALYZER_NONNULL = YES;
				CLANG_ANALYZER_NUMBER_OBJECT_CONVERSION = YES_AGGRESSIVE;
				CLANG_CXX_LANGUAGE_STANDARD = "gnu++14";
				CLANG_CXX_LIBRARY = "libc++";
				CLANG_ENABLE_MODULES = YES;
				CLANG_ENABLE_OBJC_ARC = YES;
				CLANG_ENABLE_OBJC_WEAK = YES;
				CLANG_WARN_BLOCK_CAPTURE_AUTORELEASING = YES;
				CLANG_WARN_BOOL_CONVERSION = YES;
				CLANG_WARN_COMMA = YES;
				CLANG_WARN_CONSTANT_CONVERSION = YES;
				CLANG_WARN_DEPRECATED_OBJC_IMPLEMENTATIONS = YES;
				CLANG_WARN_DIRECT_OBJC_ISA_USAGE = YES_ERROR;
				CLANG_WARN_DOCUMENTATION_COMMENTS = YES;
				CLANG_WARN_EMPTY_BODY = YES;
				CLANG_WARN_ENUM_CONVERSION = YES;
				CLANG_WARN_INFINITE_RECURSION = YES;
				CLANG_WARN_INT_CONVERSION = YES;
				CLANG_WARN_NON_LITERAL_NULL_CONVERSION = YES;
				CLANG_WARN_OBJC_IMPLICIT_RETAIN_SELF = YES;
				CLANG_WARN_OBJC_LITERAL_CONVERSION = YES;
				CLANG_WARN_OBJC_ROOT_CLASS = YES_ERROR;
				CLANG_WARN_RANGE_LOOP_ANALYSIS = YES;
				CLANG_WARN_STRICT_PROTOTYPES = YES;
				CLANG_WARN_SUSPICIOUS_MOVE = YES;
				CLANG_WARN_UNGUARDED_AVAILABILITY = YES_AGGRESSIVE;
				CLANG_WARN_UNREACHABLE_CODE = YES;
				CLANG_WARN__DUPLICATE_METHOD_MATCH = YES;
				COPY_PHASE_STRIP = NO;
				DEBUG_INFORMATION_FORMAT = "dwarf-with-dsym";
				ENABLE_NS_ASSERTIONS = NO;
				ENABLE_STRICT_OBJC_MSGSEND = YES;
				GCC_C_LANGUAGE_STANDARD = gnu11;
				GCC_NO_COMMON_BLOCKS = YES;
				GCC_WARN_64_TO_32_BIT_CONVERSION = YES;
				GCC_WARN_ABOUT_RETURN_TYPE = YES_ERROR;
				GCC_WARN_UNDECLARED_SELECTOR = YES;
				GCC_WARN_UNINITIALIZED_AUTOS = YES_AGGRESSIVE;
				GCC_WARN_UNUSED_FUNCTION = YES;
				GCC_WARN_UNUSED_VARIABLE = YES;
				IPHONEOS_DEPLOYMENT_TARGET = 13.2;
				MTL_ENABLE_DEBUG_INFO = NO;
				MTL_FAST_MATH = YES;
				SDKROOT = iphoneos;
				SWIFT_COMPILATION_MODE = wholemodule;
				SWIFT_OPTIMIZATION_LEVEL = "-O";
				VALIDATE_PRODUCT = YES;
			};
			name = Release;
		};
		025CE32F23851BCA009D43E7 /* Debug */ = {
			isa = XCBuildConfiguration;
			buildSettings = {
				ASSETCATALOG_COMPILER_APPICON_NAME = AppIcon;
				CODE_SIGN_STYLE = Automatic;
				DEVELOPMENT_ASSET_PATHS = "\"SwiftUICustomListRowSample/Preview Content\"";
				ENABLE_PREVIEWS = YES;
				INFOPLIST_FILE = SwiftUICustomListRowSample/Info.plist;
				LD_RUNPATH_SEARCH_PATHS = (
					"$(inherited)",
					"@executable_path/Frameworks",
				);
				PRODUCT_BUNDLE_IDENTIFIER = "Daisuke-TONOSAKI.SwiftUICustomListRowSample";
				PRODUCT_NAME = "$(TARGET_NAME)";
				SWIFT_VERSION = 5.0;
				TARGETED_DEVICE_FAMILY = "1,2";
			};
			name = Debug;
		};
		025CE33023851BCA009D43E7 /* Release */ = {
			isa = XCBuildConfiguration;
			buildSettings = {
				ASSETCATALOG_COMPILER_APPICON_NAME = AppIcon;
				CODE_SIGN_STYLE = Automatic;
				DEVELOPMENT_ASSET_PATHS = "\"SwiftUICustomListRowSample/Preview Content\"";
				ENABLE_PREVIEWS = YES;
				INFOPLIST_FILE = SwiftUICustomListRowSample/Info.plist;
				LD_RUNPATH_SEARCH_PATHS = (
					"$(inherited)",
					"@executable_path/Frameworks",
				);
				PRODUCT_BUNDLE_IDENTIFIER = "Daisuke-TONOSAKI.SwiftUICustomListRowSample";
				PRODUCT_NAME = "$(TARGET_NAME)";
				SWIFT_VERSION = 5.0;
				TARGETED_DEVICE_FAMILY = "1,2";
			};
			name = Release;
		};
/* End XCBuildConfiguration section */

/* Begin XCConfigurationList section */
		025CE31523851BC9009D43E7 /* Build configuration list for PBXProject "SwiftUICustomListRowSample" */ = {
			isa = XCConfigurationList;
			buildConfigurations = (
				025CE32C23851BCA009D43E7 /* Debug */,
				025CE32D23851BCA009D43E7 /* Release */,
			);
			defaultConfigurationIsVisible = 0;
			defaultConfigurationName = Release;
		};
		025CE32E23851BCA009D43E7 /* Build configuration list for PBXNativeTarget "SwiftUICustomListRowSample" */ = {
			isa = XCConfigurationList;
			buildConfigurations = (
				025CE32F23851BCA009D43E7 /* Debug */,
				025CE33023851BCA009D43E7 /* Release */,
			);
			defaultConfigurationIsVisible = 0;
			defaultConfigurationName = Release;
		};
/* End XCConfigurationList section */
	};
	rootObject = 025CE31223851BC9009D43E7 /* Project object */;
}
